
Microsoft Visual Studio Solution File, Format Version 12.00
# Visual Studio 15
VisualStudioVersion = 15.0.28010.2016
MinimumVisualStudioVersion = 10.0.40219.1
Project("{FAE04EC0-301F-11D3-BF4B-00C04F79EFBC}") = "ParserLib", "ParserLib\ParserLib.csproj", "{FE8B86B2-12FD-42C7-ACD4-8ECD05DFA8C6}"
EndProject
Project("{FAE04EC0-301F-11D3-BF4B-00C04F79EFBC}") = "Client", "Client\Client.csproj", "{1C98CEF6-28BA-415F-B1E7-F0D679D21AD5}"
EndProject
Project("{FAE04EC0-301F-11D3-BF4B-00C04F79EFBC}") = "ClientWPF", "ClientWPF\ClientWPF.csproj", "{10FCCEB7-CD0E-4063-8E09-CEDE704899E8}"
EndProject
Global
	GlobalSection(SolutionConfigurationPlatforms) = preSolution
		Debug|Any CPU = Debug|Any CPU
		Release|Any CPU = Release|Any CPU
	EndGlobalSection
	GlobalSection(ProjectConfigurationPlatforms) = postSolution
		{FE8B86B2-12FD-42C7-ACD4-8ECD05DFA8C6}.Debug|Any CPU.ActiveCfg = Debug|Any CPU
		{FE8B86B2-12FD-42C7-ACD4-8ECD05DFA8C6}.Debug|Any CPU.Build.0 = Debug|Any CPU
		{FE8B86B2-12FD-42C7-ACD4-8ECD05DFA8C6}.Release|Any CPU.ActiveCfg = Release|Any CPU
		{FE8B86B2-12FD-42C7-ACD4-8ECD05DFA8C6}.Release|Any CPU.Build.0 = Release|Any CPU
		{1C98CEF6-28BA-415F-B1E7-F0D679D21AD5}.Debug|Any CPU.ActiveCfg = Debug|Any CPU
		{1C98CEF6-28BA-415F-B1E7-F0D679D21AD5}.Debug|Any CPU.Build.0 = Debug|Any CPU
		{1C98CEF6-28BA-415F-B1E7-F0D679D21AD5}.Release|Any CPU.ActiveCfg = Release|Any CPU
		{1C98CEF6-28BA-415F-B1E7-F0D679D21AD5}.Release|Any CPU.Build.0 = Release|Any CPU
		{10FCCEB7-CD0E-4063-8E09-CEDE704899E8}.Debug|Any CPU.ActiveCfg = Debug|Any CPU
		{10FCCEB7-CD0E-4063-8E09-CEDE704899E8}.Debug|Any CPU.Build.0 = Debug|Any CPU
		{10FCCEB7-CD0E-4063-8E09-CEDE704899E8}.Release|Any CPU.ActiveCfg = Release|Any CPU
		{10FCCEB7-CD0E-4063-8E09-CEDE704899E8}.Release|Any CPU.Build.0 = Release|Any CPU
	EndGlobalSection
	GlobalSection(SolutionProperties) = preSolution
		HideSolutionNode = FALSE
	EndGlobalSection
	GlobalSection(ExtensibilityGlobals) = postSolution
		SolutionGuid = {20326904-D3D6-4513-9E5D-E32A4B695CC4}
	EndGlobalSection
EndGlobal
